
Microsoft Visual Studio Solution File, Format Version 12.00
# Visual Studio Version 16
VisualStudioVersion = 16.0.36422.26
MinimumVisualStudioVersion = 10.0.40219.1
Project("{FAE04EC0-301F-11D3-BF4B-00C04F79EFBC}") = "IntegralCalculator", "IntegralCalculator\IntegralCalculator.csproj", "{CA8ED697-BAEB-444C-B795-E6CE45E20B79}"
EndProject
Global
	GlobalSection(SolutionConfigurationPlatforms) = preSolution
		Debug|Any CPU = Debug|Any CPU
		Release|Any CPU = Release|Any CPU
	EndGlobalSection
	GlobalSection(ProjectConfigurationPlatforms) = postSolution
		{CA8ED697-BAEB-444C-B795-E6CE45E20B79}.Debug|Any CPU.ActiveCfg = Debug|Any CPU
		{CA8ED697-BAEB-444C-B795-E6CE45E20B79}.Debug|Any CPU.Build.0 = Debug|Any CPU
		{CA8ED697-BAEB-444C-B795-E6CE45E20B79}.Release|Any CPU.ActiveCfg = Release|Any CPU
		{CA8ED697-BAEB-444C-B795-E6CE45E20B79}.Release|Any CPU.Build.0 = Release|Any CPU
	EndGlobalSection
	GlobalSection(SolutionProperties) = preSolution
		HideSolutionNode = FALSE
	EndGlobalSection
	GlobalSection(ExtensibilityGlobals) = postSolution
		SolutionGuid = {AFE17154-217E-45CF-906C-52816F6339F7}
	EndGlobalSection
EndGlobal
